// !$*UTF8*$!
{
	archiveVersion = 1;
	classes = {
	};
	objectVersion = 51;
	objects = {

/* Begin PBXBuildFile section */
		5977C5E225D6B0A3006B91AF /* AppDelegate.swift in Sources */ = {isa = PBXBuildFile; fileRef = 5977C5E125D6B0A3006B91AF /* AppDelegate.swift */; };
		5977C5E425D6B0A3006B91AF /* SceneDelegate.swift in Sources */ = {isa = PBXBuildFile; fileRef = 5977C5E325D6B0A3006B91AF /* SceneDelegate.swift */; };
		5977C5E925D6B0A3006B91AF /* Main.storyboard in Resources */ = {isa = PBXBuildFile; fileRef = 5977C5E725D6B0A3006B91AF /* Main.storyboard */; };
		5977C5EB25D6B0A7006B91AF /* Assets.xcassets in Resources */ = {isa = PBXBuildFile; fileRef = 5977C5EA25D6B0A7006B91AF /* Assets.xcassets */; };
		5977C5EE25D6B0A7006B91AF /* LaunchScreen.storyboard in Resources */ = {isa = PBXBuildFile; fileRef = 5977C5EC25D6B0A7006B91AF /* LaunchScreen.storyboard */; };
		5977C5F825D6B1F8006B91AF /* MainTabBarController.swift in Sources */ = {isa = PBXBuildFile; fileRef = 5977C5F725D6B1F8006B91AF /* MainTabBarController.swift */; };
		5977C60525D6B379006B91AF /* FeedController.swift in Sources */ = {isa = PBXBuildFile; fileRef = 5977C60425D6B379006B91AF /* FeedController.swift */; };
		5977C60825D6B38C006B91AF /* SearchController.swift in Sources */ = {isa = PBXBuildFile; fileRef = 5977C60725D6B38C006B91AF /* SearchController.swift */; };
		5977C60B25D6B39C006B91AF /* ImageSelectorController.swift in Sources */ = {isa = PBXBuildFile; fileRef = 5977C60A25D6B39C006B91AF /* ImageSelectorController.swift */; };
		5977C60E25D6B3AD006B91AF /* NotificationController.swift in Sources */ = {isa = PBXBuildFile; fileRef = 5977C60D25D6B3AD006B91AF /* NotificationController.swift */; };
		5977C61125D6B3B6006B91AF /* ProfileController.swift in Sources */ = {isa = PBXBuildFile; fileRef = 5977C61025D6B3B6006B91AF /* ProfileController.swift */; };
		5977C61425D6B60F006B91AF /* ExtensionsBest.swift in Sources */ = {isa = PBXBuildFile; fileRef = 5977C61325D6B60F006B91AF /* ExtensionsBest.swift */; };
		5977C61725D6BE90006B91AF /* FeedCell.swift in Sources */ = {isa = PBXBuildFile; fileRef = 5977C61625D6BE90006B91AF /* FeedCell.swift */; };
		5977C61B25D6C7CA006B91AF /* LoginController.swift in Sources */ = {isa = PBXBuildFile; fileRef = 5977C61A25D6C7CA006B91AF /* LoginController.swift */; };
		5977C61E25D6C7D5006B91AF /* RegistrationController.swift in Sources */ = {isa = PBXBuildFile; fileRef = 5977C61D25D6C7D5006B91AF /* RegistrationController.swift */; };
		5977C62125D6D0FC006B91AF /* CustomTextField.swift in Sources */ = {isa = PBXBuildFile; fileRef = 5977C62025D6D0FC006B91AF /* CustomTextField.swift */; };
		5977C62425D6D596006B91AF /* AuthButton.swift in Sources */ = {isa = PBXBuildFile; fileRef = 5977C62325D6D596006B91AF /* AuthButton.swift */; };
		5977C62725D6D872006B91AF /* AuthenticationViewModel.swift in Sources */ = {isa = PBXBuildFile; fileRef = 5977C62625D6D872006B91AF /* AuthenticationViewModel.swift */; };
		5977C62A25D70E3B006B91AF /* GoogleService-Info.plist in Resources */ = {isa = PBXBuildFile; fileRef = 5977C62925D70E3B006B91AF /* GoogleService-Info.plist */; };
		5977C64D25D71683006B91AF /* ImageUploader.swift in Sources */ = {isa = PBXBuildFile; fileRef = 5977C64C25D71683006B91AF /* ImageUploader.swift */; };
		5977C65025D71872006B91AF /* AuthService.swift in Sources */ = {isa = PBXBuildFile; fileRef = 5977C64F25D71872006B91AF /* AuthService.swift */; };
		5977C65325D7506D006B91AF /* User.swift in Sources */ = {isa = PBXBuildFile; fileRef = 5977C65225D7506D006B91AF /* User.swift */; };
		5977C65725D75A51006B91AF /* ProfileCell.swift in Sources */ = {isa = PBXBuildFile; fileRef = 5977C65625D75A51006B91AF /* ProfileCell.swift */; };
		5977C65A25D75A5B006B91AF /* ProfileHeader.swift in Sources */ = {isa = PBXBuildFile; fileRef = 5977C65925D75A5B006B91AF /* ProfileHeader.swift */; };
		5977C65D25D82FC5006B91AF /* UserService .swift in Sources */ = {isa = PBXBuildFile; fileRef = 5977C65C25D82FC5006B91AF /* UserService .swift */; };
		5977C66025D83011006B91AF /* Constants.swift in Sources */ = {isa = PBXBuildFile; fileRef = 5977C65F25D83011006B91AF /* Constants.swift */; };
		5977C66425D83512006B91AF /* ProfileHeaderViewModel.swift in Sources */ = {isa = PBXBuildFile; fileRef = 5977C66325D83512006B91AF /* ProfileHeaderViewModel.swift */; };
		5977C66925D8CD18006B91AF /* UserCell.swift in Sources */ = {isa = PBXBuildFile; fileRef = 5977C66825D8CD18006B91AF /* UserCell.swift */; };
		5977C66C25D8D75D006B91AF /* UserCellViewModel.swift in Sources */ = {isa = PBXBuildFile; fileRef = 5977C66B25D8D75D006B91AF /* UserCellViewModel.swift */; };
		5977C67025DB3DE0006B91AF /* UploadPostController.swift in Sources */ = {isa = PBXBuildFile; fileRef = 5977C66F25DB3DE0006B91AF /* UploadPostController.swift */; };
		5977C67425DC56D9006B91AF /* InputTextView.swift in Sources */ = {isa = PBXBuildFile; fileRef = 5977C67325DC56D9006B91AF /* InputTextView.swift */; };
		5977C67725DC7FE6006B91AF /* PostsService.swift in Sources */ = {isa = PBXBuildFile; fileRef = 5977C67625DC7FE6006B91AF /* PostsService.swift */; };
		5977C67A25DC8CF1006B91AF /* Posts.swift in Sources */ = {isa = PBXBuildFile; fileRef = 5977C67925DC8CF1006B91AF /* Posts.swift */; };
		5977C67D25DC9255006B91AF /* PostViewModel.swift in Sources */ = {isa = PBXBuildFile; fileRef = 5977C67C25DC9255006B91AF /* PostViewModel.swift */; };
		5977C68025DCBE8A006B91AF /* ProfileCellViewModel.swift in Sources */ = {isa = PBXBuildFile; fileRef = 5977C67F25DCBE8A006B91AF /* ProfileCellViewModel.swift */; };
		5977C68325DD4960006B91AF /* CommentsController.swift in Sources */ = {isa = PBXBuildFile; fileRef = 5977C68225DD4960006B91AF /* CommentsController.swift */; };
		5977C68625DD4A81006B91AF /* CommentsCell.swift in Sources */ = {isa = PBXBuildFile; fileRef = 5977C68525DD4A81006B91AF /* CommentsCell.swift */; };
		5977C68925DD516D006B91AF /* CommentInputAccessoryView.swift in Sources */ = {isa = PBXBuildFile; fileRef = 5977C68825DD516D006B91AF /* CommentInputAccessoryView.swift */; };
		5977C68C25DD636A006B91AF /* CommentService.swift in Sources */ = {isa = PBXBuildFile; fileRef = 5977C68B25DD636A006B91AF /* CommentService.swift */; };
		5977C68F25DD7630006B91AF /* Comment.swift in Sources */ = {isa = PBXBuildFile; fileRef = 5977C68E25DD7630006B91AF /* Comment.swift */; };
		5977C69225DD7C45006B91AF /* CommentsViewModel.swift in Sources */ = {isa = PBXBuildFile; fileRef = 5977C69125DD7C45006B91AF /* CommentsViewModel.swift */; };
		5977C69525DEC6B1006B91AF /* NotificationCell.swift in Sources */ = {isa = PBXBuildFile; fileRef = 5977C69425DEC6B1006B91AF /* NotificationCell.swift */; };
		5977C69825DEDA51006B91AF /* Notification.swift in Sources */ = {isa = PBXBuildFile; fileRef = 5977C69725DEDA51006B91AF /* Notification.swift */; };
		5977C69B25DEE04F006B91AF /* NotificationsServices.swift in Sources */ = {isa = PBXBuildFile; fileRef = 5977C69A25DEE04F006B91AF /* NotificationsServices.swift */; };
		5977C6BB25E0A530006B91AF /* NotificationViewModel.swift in Sources */ = {isa = PBXBuildFile; fileRef = 5977C6BA25E0A530006B91AF /* NotificationViewModel.swift */; };
		A6DA6CC57A30E0B13B18349D /* Pods_Instagram_Clone.framework in Frameworks */ = {isa = PBXBuildFile; fileRef = C4023F60F906563DE644F9EF /* Pods_Instagram_Clone.framework */; };
/* End PBXBuildFile section */

/* Begin PBXFileReference section */
		5977C5DE25D6B0A3006B91AF /* Instagram Clone.app */ = {isa = PBXFileReference; explicitFileType = wrapper.application; includeInIndex = 0; path = "Instagram Clone.app"; sourceTree = BUILT_PRODUCTS_DIR; };
		5977C5E125D6B0A3006B91AF /* AppDelegate.swift */ = {isa = PBXFileReference; lastKnownFileType = sourcecode.swift; path = AppDelegate.swift; sourceTree = "<group>"; };
		5977C5E325D6B0A3006B91AF /* SceneDelegate.swift */ = {isa = PBXFileReference; lastKnownFileType = sourcecode.swift; path = SceneDelegate.swift; sourceTree = "<group>"; };
		5977C5E825D6B0A3006B91AF /* Base */ = {isa = PBXFileReference; lastKnownFileType = file.storyboard; name = Base; path = Base.lproj/Main.storyboard; sourceTree = "<group>"; };
		5977C5EA25D6B0A7006B91AF /* Assets.xcassets */ = {isa = PBXFileReference; lastKnownFileType = folder.assetcatalog; path = Assets.xcassets; sourceTree = "<group>"; };
		5977C5ED25D6B0A7006B91AF /* Base */ = {isa = PBXFileReference; lastKnownFileType = file.storyboard; name = Base; path = Base.lproj/LaunchScreen.storyboard; sourceTree = "<group>"; };
		5977C5EF25D6B0A7006B91AF /* Info.plist */ = {isa = PBXFileReference; lastKnownFileType = text.plist.xml; path = Info.plist; sourceTree = "<group>"; };
		5977C5F725D6B1F8006B91AF /* MainTabBarController.swift */ = {isa = PBXFileReference; lastKnownFileType = sourcecode.swift; path = MainTabBarController.swift; sourceTree = "<group>"; };
		5977C60425D6B379006B91AF /* FeedController.swift */ = {isa = PBXFileReference; lastKnownFileType = sourcecode.swift; path = FeedController.swift; sourceTree = "<group>"; };
		5977C60725D6B38C006B91AF /* SearchController.swift */ = {isa = PBXFileReference; lastKnownFileType = sourcecode.swift; path = SearchController.swift; sourceTree = "<group>"; };
		5977C60A25D6B39C006B91AF /* ImageSelectorController.swift */ = {isa = PBXFileReference; lastKnownFileType = sourcecode.swift; path = ImageSelectorController.swift; sourceTree = "<group>"; };
		5977C60D25D6B3AD006B91AF /* NotificationController.swift */ = {isa = PBXFileReference; lastKnownFileType = sourcecode.swift; path = NotificationController.swift; sourceTree = "<group>"; };
		5977C61025D6B3B6006B91AF /* ProfileController.swift */ = {isa = PBXFileReference; lastKnownFileType = sourcecode.swift; path = ProfileController.swift; sourceTree = "<group>"; };
		5977C61325D6B60F006B91AF /* ExtensionsBest.swift */ = {isa = PBXFileReference; fileEncoding = 4; lastKnownFileType = sourcecode.swift; path = ExtensionsBest.swift; sourceTree = "<group>"; };
		5977C61625D6BE90006B91AF /* FeedCell.swift */ = {isa = PBXFileReference; lastKnownFileType = sourcecode.swift; path = FeedCell.swift; sourceTree = "<group>"; };
		5977C61A25D6C7CA006B91AF /* LoginController.swift */ = {isa = PBXFileReference; lastKnownFileType = sourcecode.swift; path = LoginController.swift; sourceTree = "<group>"; };
		5977C61D25D6C7D5006B91AF /* RegistrationController.swift */ = {isa = PBXFileReference; lastKnownFileType = sourcecode.swift; path = RegistrationController.swift; sourceTree = "<group>"; };
		5977C62025D6D0FC006B91AF /* CustomTextField.swift */ = {isa = PBXFileReference; lastKnownFileType = sourcecode.swift; path = CustomTextField.swift; sourceTree = "<group>"; };
		5977C62325D6D596006B91AF /* AuthButton.swift */ = {isa = PBXFileReference; lastKnownFileType = sourcecode.swift; path = AuthButton.swift; sourceTree = "<group>"; };
		5977C62625D6D872006B91AF /* AuthenticationViewModel.swift */ = {isa = PBXFileReference; lastKnownFileType = sourcecode.swift; path = AuthenticationViewModel.swift; sourceTree = "<group>"; };
		5977C62925D70E3B006B91AF /* GoogleService-Info.plist */ = {isa = PBXFileReference; lastKnownFileType = text.plist; path = "GoogleService-Info.plist"; sourceTree = SOURCE_ROOT; };
		5977C64C25D71683006B91AF /* ImageUploader.swift */ = {isa = PBXFileReference; lastKnownFileType = sourcecode.swift; path = ImageUploader.swift; sourceTree = "<group>"; };
		5977C64F25D71872006B91AF /* AuthService.swift */ = {isa = PBXFileReference; lastKnownFileType = sourcecode.swift; path = AuthService.swift; sourceTree = "<group>"; };
		5977C65225D7506D006B91AF /* User.swift */ = {isa = PBXFileReference; lastKnownFileType = sourcecode.swift; path = User.swift; sourceTree = "<group>"; };
		5977C65625D75A51006B91AF /* ProfileCell.swift */ = {isa = PBXFileReference; lastKnownFileType = sourcecode.swift; path = ProfileCell.swift; sourceTree = "<group>"; };
		5977C65925D75A5B006B91AF /* ProfileHeader.swift */ = {isa = PBXFileReference; lastKnownFileType = sourcecode.swift; path = ProfileHeader.swift; sourceTree = "<group>"; };
		5977C65C25D82FC5006B91AF /* UserService .swift */ = {isa = PBXFileReference; lastKnownFileType = sourcecode.swift; path = "UserService .swift"; sourceTree = "<group>"; };
		5977C65F25D83011006B91AF /* Constants.swift */ = {isa = PBXFileReference; lastKnownFileType = sourcecode.swift; path = Constants.swift; sourceTree = "<group>"; };
		5977C66325D83512006B91AF /* ProfileHeaderViewModel.swift */ = {isa = PBXFileReference; lastKnownFileType = sourcecode.swift; path = ProfileHeaderViewModel.swift; sourceTree = "<group>"; };
		5977C66825D8CD18006B91AF /* UserCell.swift */ = {isa = PBXFileReference; lastKnownFileType = sourcecode.swift; path = UserCell.swift; sourceTree = "<group>"; };
		5977C66B25D8D75D006B91AF /* UserCellViewModel.swift */ = {isa = PBXFileReference; lastKnownFileType = sourcecode.swift; path = UserCellViewModel.swift; sourceTree = "<group>"; };
		5977C66F25DB3DE0006B91AF /* UploadPostController.swift */ = {isa = PBXFileReference; lastKnownFileType = sourcecode.swift; path = UploadPostController.swift; sourceTree = "<group>"; };
		5977C67325DC56D9006B91AF /* InputTextView.swift */ = {isa = PBXFileReference; lastKnownFileType = sourcecode.swift; path = InputTextView.swift; sourceTree = "<group>"; };
		5977C67625DC7FE6006B91AF /* PostsService.swift */ = {isa = PBXFileReference; lastKnownFileType = sourcecode.swift; path = PostsService.swift; sourceTree = "<group>"; };
		5977C67925DC8CF1006B91AF /* Posts.swift */ = {isa = PBXFileReference; lastKnownFileType = sourcecode.swift; path = Posts.swift; sourceTree = "<group>"; };
		5977C67C25DC9255006B91AF /* PostViewModel.swift */ = {isa = PBXFileReference; lastKnownFileType = sourcecode.swift; path = PostViewModel.swift; sourceTree = "<group>"; };
		5977C67F25DCBE8A006B91AF /* ProfileCellViewModel.swift */ = {isa = PBXFileReference; lastKnownFileType = sourcecode.swift; path = ProfileCellViewModel.swift; sourceTree = "<group>"; };
		5977C68225DD4960006B91AF /* CommentsController.swift */ = {isa = PBXFileReference; lastKnownFileType = sourcecode.swift; path = CommentsController.swift; sourceTree = "<group>"; };
		5977C68525DD4A81006B91AF /* CommentsCell.swift */ = {isa = PBXFileReference; lastKnownFileType = sourcecode.swift; path = CommentsCell.swift; sourceTree = "<group>"; };
		5977C68825DD516D006B91AF /* CommentInputAccessoryView.swift */ = {isa = PBXFileReference; lastKnownFileType = sourcecode.swift; path = CommentInputAccessoryView.swift; sourceTree = "<group>"; };
		5977C68B25DD636A006B91AF /* CommentService.swift */ = {isa = PBXFileReference; lastKnownFileType = sourcecode.swift; path = CommentService.swift; sourceTree = "<group>"; };
		5977C68E25DD7630006B91AF /* Comment.swift */ = {isa = PBXFileReference; lastKnownFileType = sourcecode.swift; path = Comment.swift; sourceTree = "<group>"; };
		5977C69125DD7C45006B91AF /* CommentsViewModel.swift */ = {isa = PBXFileReference; lastKnownFileType = sourcecode.swift; path = CommentsViewModel.swift; sourceTree = "<group>"; };
		5977C69425DEC6B1006B91AF /* NotificationCell.swift */ = {isa = PBXFileReference; lastKnownFileType = sourcecode.swift; path = NotificationCell.swift; sourceTree = "<group>"; };
		5977C69725DEDA51006B91AF /* Notification.swift */ = {isa = PBXFileReference; lastKnownFileType = sourcecode.swift; path = Notification.swift; sourceTree = "<group>"; };
		5977C69A25DEE04F006B91AF /* NotificationsServices.swift */ = {isa = PBXFileReference; lastKnownFileType = sourcecode.swift; path = NotificationsServices.swift; sourceTree = "<group>"; };
		5977C6BA25E0A530006B91AF /* NotificationViewModel.swift */ = {isa = PBXFileReference; lastKnownFileType = sourcecode.swift; path = NotificationViewModel.swift; sourceTree = "<group>"; };
		604CEED25AE6212EC9902113 /* Pods-Instagram Clone.release.xcconfig */ = {isa = PBXFileReference; includeInIndex = 1; lastKnownFileType = text.xcconfig; name = "Pods-Instagram Clone.release.xcconfig"; path = "Target Support Files/Pods-Instagram Clone/Pods-Instagram Clone.release.xcconfig"; sourceTree = "<group>"; };
		C4023F60F906563DE644F9EF /* Pods_Instagram_Clone.framework */ = {isa = PBXFileReference; explicitFileType = wrapper.framework; includeInIndex = 0; path = Pods_Instagram_Clone.framework; sourceTree = BUILT_PRODUCTS_DIR; };
		FE5D20183EDB833891BE5361 /* Pods-Instagram Clone.debug.xcconfig */ = {isa = PBXFileReference; includeInIndex = 1; lastKnownFileType = text.xcconfig; name = "Pods-Instagram Clone.debug.xcconfig"; path = "Target Support Files/Pods-Instagram Clone/Pods-Instagram Clone.debug.xcconfig"; sourceTree = "<group>"; };
/* End PBXFileReference section */

/* Begin PBXFrameworksBuildPhase section */
		5977C5DB25D6B0A3006B91AF /* Frameworks */ = {
			isa = PBXFrameworksBuildPhase;
			buildActionMask = 2147483647;
			files = (
				A6DA6CC57A30E0B13B18349D /* Pods_Instagram_Clone.framework in Frameworks */,
			);
			runOnlyForDeploymentPostprocessing = 0;
		};
/* End PBXFrameworksBuildPhase section */

/* Begin PBXGroup section */
		396F8CFBB599EB0A29D39B95 /* Frameworks */ = {
			isa = PBXGroup;
			children = (
				C4023F60F906563DE644F9EF /* Pods_Instagram_Clone.framework */,
			);
			name = Frameworks;
			sourceTree = "<group>";
		};
		5977C5D525D6B0A3006B91AF = {
			isa = PBXGroup;
			children = (
				5977C5E025D6B0A3006B91AF /* Instagram Clone */,
				5977C5DF25D6B0A3006B91AF /* Products */,
				9A6DC6DAAC68EA970CAC951D /* Pods */,
				396F8CFBB599EB0A29D39B95 /* Frameworks */,
			);
			sourceTree = "<group>";
		};
		5977C5DF25D6B0A3006B91AF /* Products */ = {
			isa = PBXGroup;
			children = (
				5977C5DE25D6B0A3006B91AF /* Instagram Clone.app */,
			);
			name = Products;
			sourceTree = "<group>";
		};
		5977C5E025D6B0A3006B91AF /* Instagram Clone */ = {
			isa = PBXGroup;
			children = (
				5977C60225D6B2B0006B91AF /* Model */,
				5977C60025D6B265006B91AF /* View */,
				5977C5FF25D6B263006B91AF /* ViewModel */,
				5977C5FE25D6B261006B91AF /* Controller */,
				5977C5FD25D6B260006B91AF /* API */,
				5977C5FA25D6B257006B91AF /* Utils */,
				5977C5E125D6B0A3006B91AF /* AppDelegate.swift */,
				5977C5E325D6B0A3006B91AF /* SceneDelegate.swift */,
				5977C5E725D6B0A3006B91AF /* Main.storyboard */,
				5977C5EA25D6B0A7006B91AF /* Assets.xcassets */,
				5977C5EC25D6B0A7006B91AF /* LaunchScreen.storyboard */,
				5977C5EF25D6B0A7006B91AF /* Info.plist */,
				5977C62925D70E3B006B91AF /* GoogleService-Info.plist */,
			);
			path = "Instagram Clone";
			sourceTree = "<group>";
		};
		5977C5FA25D6B257006B91AF /* Utils */ = {
			isa = PBXGroup;
			children = (
				5977C61325D6B60F006B91AF /* ExtensionsBest.swift */,
				5977C62025D6D0FC006B91AF /* CustomTextField.swift */,
				5977C62325D6D596006B91AF /* AuthButton.swift */,
				5977C65F25D83011006B91AF /* Constants.swift */,
				5977C67325DC56D9006B91AF /* InputTextView.swift */,
			);
			path = Utils;
			sourceTree = "<group>";
		};
		5977C5FD25D6B260006B91AF /* API */ = {
			isa = PBXGroup;
			children = (
				5977C64C25D71683006B91AF /* ImageUploader.swift */,
				5977C64F25D71872006B91AF /* AuthService.swift */,
				5977C65C25D82FC5006B91AF /* UserService .swift */,
				5977C67625DC7FE6006B91AF /* PostsService.swift */,
				5977C68B25DD636A006B91AF /* CommentService.swift */,
				5977C69A25DEE04F006B91AF /* NotificationsServices.swift */,
			);
			path = API;
			sourceTree = "<group>";
		};
		5977C5FE25D6B261006B91AF /* Controller */ = {
			isa = PBXGroup;
			children = (
				5977C61925D6C7B7006B91AF /* Authentication */,
				5977C5F725D6B1F8006B91AF /* MainTabBarController.swift */,
				5977C60425D6B379006B91AF /* FeedController.swift */,
				5977C60725D6B38C006B91AF /* SearchController.swift */,
				5977C60A25D6B39C006B91AF /* ImageSelectorController.swift */,
				5977C60D25D6B3AD006B91AF /* NotificationController.swift */,
				5977C61025D6B3B6006B91AF /* ProfileController.swift */,
				5977C66F25DB3DE0006B91AF /* UploadPostController.swift */,
				5977C68225DD4960006B91AF /* CommentsController.swift */,
			);
			path = Controller;
			sourceTree = "<group>";
		};
		5977C5FF25D6B263006B91AF /* ViewModel */ = {
			isa = PBXGroup;
			children = (
				5977C66225D83504006B91AF /* Profile */,
				5977C62625D6D872006B91AF /* AuthenticationViewModel.swift */,
				5977C66B25D8D75D006B91AF /* UserCellViewModel.swift */,
				5977C67C25DC9255006B91AF /* PostViewModel.swift */,
				5977C69125DD7C45006B91AF /* CommentsViewModel.swift */,
				5977C6BA25E0A530006B91AF /* NotificationViewModel.swift */,
			);
			path = ViewModel;
			sourceTree = "<group>";
		};
		5977C60025D6B265006B91AF /* View */ = {
			isa = PBXGroup;
			children = (
				5977C66725D8CD06006B91AF /* Search */,
				5977C65525D75A3D006B91AF /* Profile */,
				5977C61625D6BE90006B91AF /* FeedCell.swift */,
				5977C68525DD4A81006B91AF /* CommentsCell.swift */,
				5977C68825DD516D006B91AF /* CommentInputAccessoryView.swift */,
				5977C69425DEC6B1006B91AF /* NotificationCell.swift */,
			);
			path = View;
			sourceTree = "<group>";
		};
		5977C60225D6B2B0006B91AF /* Model */ = {
			isa = PBXGroup;
			children = (
				5977C65225D7506D006B91AF /* User.swift */,
				5977C67925DC8CF1006B91AF /* Posts.swift */,
				5977C68E25DD7630006B91AF /* Comment.swift */,
				5977C69725DEDA51006B91AF /* Notification.swift */,
			);
			path = Model;
			sourceTree = "<group>";
		};
		5977C61925D6C7B7006B91AF /* Authentication */ = {
			isa = PBXGroup;
			children = (
				5977C61A25D6C7CA006B91AF /* LoginController.swift */,
				5977C61D25D6C7D5006B91AF /* RegistrationController.swift */,
			);
			path = Authentication;
			sourceTree = "<group>";
		};
		5977C65525D75A3D006B91AF /* Profile */ = {
			isa = PBXGroup;
			children = (
				5977C65625D75A51006B91AF /* ProfileCell.swift */,
				5977C65925D75A5B006B91AF /* ProfileHeader.swift */,
			);
			path = Profile;
			sourceTree = "<group>";
		};
		5977C66225D83504006B91AF /* Profile */ = {
			isa = PBXGroup;
			children = (
				5977C66325D83512006B91AF /* ProfileHeaderViewModel.swift */,
				5977C67F25DCBE8A006B91AF /* ProfileCellViewModel.swift */,
			);
			path = Profile;
			sourceTree = "<group>";
		};
		5977C66725D8CD06006B91AF /* Search */ = {
			isa = PBXGroup;
			children = (
				5977C66825D8CD18006B91AF /* UserCell.swift */,
			);
			path = Search;
			sourceTree = "<group>";
		};
		9A6DC6DAAC68EA970CAC951D /* Pods */ = {
			isa = PBXGroup;
			children = (
				FE5D20183EDB833891BE5361 /* Pods-Instagram Clone.debug.xcconfig */,
				604CEED25AE6212EC9902113 /* Pods-Instagram Clone.release.xcconfig */,
			);
			path = Pods;
			sourceTree = "<group>";
		};
/* End PBXGroup section */

/* Begin PBXNativeTarget section */
		5977C5DD25D6B0A3006B91AF /* Instagram Clone */ = {
			isa = PBXNativeTarget;
			buildConfigurationList = 5977C5F225D6B0A7006B91AF /* Build configuration list for PBXNativeTarget "Instagram Clone" */;
			buildPhases = (
				FCCDE7A247B113B806064D80 /* [CP] Check Pods Manifest.lock */,
				5977C5DA25D6B0A3006B91AF /* Sources */,
				5977C5DB25D6B0A3006B91AF /* Frameworks */,
				5977C5DC25D6B0A3006B91AF /* Resources */,
				7E47BC0C04547FD64A1D4C8E /* [CP] Embed Pods Frameworks */,
			);
			buildRules = (
			);
			dependencies = (
			);
			name = "Instagram Clone";
			productName = "Instagram Clone";
			productReference = 5977C5DE25D6B0A3006B91AF /* Instagram Clone.app */;
			productType = "com.apple.product-type.application";
		};
/* End PBXNativeTarget section */

/* Begin PBXProject section */
		5977C5D625D6B0A3006B91AF /* Project object */ = {
			isa = PBXProject;
			attributes = {
				LastSwiftUpdateCheck = 1240;
				LastUpgradeCheck = 1240;
				TargetAttributes = {
					5977C5DD25D6B0A3006B91AF = {
						CreatedOnToolsVersion = 12.4;
					};
				};
			};
			buildConfigurationList = 5977C5D925D6B0A3006B91AF /* Build configuration list for PBXProject "Instagram Clone" */;
			compatibilityVersion = "Xcode 9.3";
			developmentRegion = en;
			hasScannedForEncodings = 0;
			knownRegions = (
				en,
				Base,
			);
			mainGroup = 5977C5D525D6B0A3006B91AF;
			productRefGroup = 5977C5DF25D6B0A3006B91AF /* Products */;
			projectDirPath = "";
			projectRoot = "";
			targets = (
				5977C5DD25D6B0A3006B91AF /* Instagram Clone */,
			);
		};
/* End PBXProject section */

/* Begin PBXResourcesBuildPhase section */
		5977C5DC25D6B0A3006B91AF /* Resources */ = {
			isa = PBXResourcesBuildPhase;
			buildActionMask = 2147483647;
			files = (
				5977C5EE25D6B0A7006B91AF /* LaunchScreen.storyboard in Resources */,
				5977C62A25D70E3B006B91AF /* GoogleService-Info.plist in Resources */,
				5977C5EB25D6B0A7006B91AF /* Assets.xcassets in Resources */,
				5977C5E925D6B0A3006B91AF /* Main.storyboard in Resources */,
			);
			runOnlyForDeploymentPostprocessing = 0;
		};
/* End PBXResourcesBuildPhase section */

/* Begin PBXShellScriptBuildPhase section */
		7E47BC0C04547FD64A1D4C8E /* [CP] Embed Pods Frameworks */ = {
			isa = PBXShellScriptBuildPhase;
			buildActionMask = 2147483647;
			files = (
			);
			inputFileListPaths = (
				"${PODS_ROOT}/Target Support Files/Pods-Instagram Clone/Pods-Instagram Clone-frameworks-${CONFIGURATION}-input-files.xcfilelist",
			);
			name = "[CP] Embed Pods Frameworks";
			outputFileListPaths = (
				"${PODS_ROOT}/Target Support Files/Pods-Instagram Clone/Pods-Instagram Clone-frameworks-${CONFIGURATION}-output-files.xcfilelist",
			);
			runOnlyForDeploymentPostprocessing = 0;
			shellPath = /bin/sh;
			shellScript = "\"${PODS_ROOT}/Target Support Files/Pods-Instagram Clone/Pods-Instagram Clone-frameworks.sh\"\n";
			showEnvVarsInLog = 0;
		};
		FCCDE7A247B113B806064D80 /* [CP] Check Pods Manifest.lock */ = {
			isa = PBXShellScriptBuildPhase;
			buildActionMask = 2147483647;
			files = (
			);
			inputFileListPaths = (
			);
			inputPaths = (
				"${PODS_PODFILE_DIR_PATH}/Podfile.lock",
				"${PODS_ROOT}/Manifest.lock",
			);
			name = "[CP] Check Pods Manifest.lock";
			outputFileListPaths = (
			);
			outputPaths = (
				"$(DERIVED_FILE_DIR)/Pods-Instagram Clone-checkManifestLockResult.txt",
			);
			runOnlyForDeploymentPostprocessing = 0;
			shellPath = /bin/sh;
			shellScript = "diff \"${PODS_PODFILE_DIR_PATH}/Podfile.lock\" \"${PODS_ROOT}/Manifest.lock\" > /dev/null\nif [ $? != 0 ] ; then\n    # print error to STDERR\n    echo \"error: The sandbox is not in sync with the Podfile.lock. Run 'pod install' or update your CocoaPods installation.\" >&2\n    exit 1\nfi\n# This output is used by Xcode 'outputs' to avoid re-running this script phase.\necho \"SUCCESS\" > \"${SCRIPT_OUTPUT_FILE_0}\"\n";
			showEnvVarsInLog = 0;
		};
/* End PBXShellScriptBuildPhase section */

/* Begin PBXSourcesBuildPhase section */
		5977C5DA25D6B0A3006B91AF /* Sources */ = {
			isa = PBXSourcesBuildPhase;
			buildActionMask = 2147483647;
			files = (
				5977C68925DD516D006B91AF /* CommentInputAccessoryView.swift in Sources */,
				5977C67D25DC9255006B91AF /* PostViewModel.swift in Sources */,
				5977C62125D6D0FC006B91AF /* CustomTextField.swift in Sources */,
				5977C66025D83011006B91AF /* Constants.swift in Sources */,
				5977C67025DB3DE0006B91AF /* UploadPostController.swift in Sources */,
				5977C62425D6D596006B91AF /* AuthButton.swift in Sources */,
				5977C61B25D6C7CA006B91AF /* LoginController.swift in Sources */,
				5977C68F25DD7630006B91AF /* Comment.swift in Sources */,
				5977C6BB25E0A530006B91AF /* NotificationViewModel.swift in Sources */,
				5977C65D25D82FC5006B91AF /* UserService .swift in Sources */,
				5977C68025DCBE8A006B91AF /* ProfileCellViewModel.swift in Sources */,
				5977C5E225D6B0A3006B91AF /* AppDelegate.swift in Sources */,
				5977C61725D6BE90006B91AF /* FeedCell.swift in Sources */,
				5977C69B25DEE04F006B91AF /* NotificationsServices.swift in Sources */,
				5977C60825D6B38C006B91AF /* SearchController.swift in Sources */,
				5977C66925D8CD18006B91AF /* UserCell.swift in Sources */,
				5977C68C25DD636A006B91AF /* CommentService.swift in Sources */,
				5977C62725D6D872006B91AF /* AuthenticationViewModel.swift in Sources */,
				5977C5E425D6B0A3006B91AF /* SceneDelegate.swift in Sources */,
				5977C65A25D75A5B006B91AF /* ProfileHeader.swift in Sources */,
				5977C60E25D6B3AD006B91AF /* NotificationController.swift in Sources */,
				5977C61425D6B60F006B91AF /* ExtensionsBest.swift in Sources */,
				5977C69825DEDA51006B91AF /* Notification.swift in Sources */,
				5977C67425DC56D9006B91AF /* InputTextView.swift in Sources */,
				5977C67A25DC8CF1006B91AF /* Posts.swift in Sources */,
				5977C5F825D6B1F8006B91AF /* MainTabBarController.swift in Sources */,
				5977C60B25D6B39C006B91AF /* ImageSelectorController.swift in Sources */,
				5977C66C25D8D75D006B91AF /* UserCellViewModel.swift in Sources */,
				5977C66425D83512006B91AF /* ProfileHeaderViewModel.swift in Sources */,
				5977C69525DEC6B1006B91AF /* NotificationCell.swift in Sources */,
				5977C60525D6B379006B91AF /* FeedController.swift in Sources */,
				5977C69225DD7C45006B91AF /* CommentsViewModel.swift in Sources */,
				5977C64D25D71683006B91AF /* ImageUploader.swift in Sources */,
				5977C65325D7506D006B91AF /* User.swift in Sources */,
				5977C67725DC7FE6006B91AF /* PostsService.swift in Sources */,
				5977C65725D75A51006B91AF /* ProfileCell.swift in Sources */,
				5977C68625DD4A81006B91AF /* CommentsCell.swift in Sources */,
				5977C65025D71872006B91AF /* AuthService.swift in Sources */,
				5977C68325DD4960006B91AF /* CommentsController.swift in Sources */,
				5977C61E25D6C7D5006B91AF /* RegistrationController.swift in Sources */,
				5977C61125D6B3B6006B91AF /* ProfileController.swift in Sources */,
			);
			runOnlyForDeploymentPostprocessing = 0;
		};
/* End PBXSourcesBuildPhase section */

/* Begin PBXVariantGroup section */
		5977C5E725D6B0A3006B91AF /* Main.storyboard */ = {
			isa = PBXVariantGroup;
			children = (
				5977C5E825D6B0A3006B91AF /* Base */,
			);
			name = Main.storyboard;
			sourceTree = "<group>";
		};
		5977C5EC25D6B0A7006B91AF /* LaunchScreen.storyboard */ = {
			isa = PBXVariantGroup;
			children = (
				5977C5ED25D6B0A7006B91AF /* Base */,
			);
			name = LaunchScreen.storyboard;
			sourceTree = "<group>";
		};
/* End PBXVariantGroup section */

/* Begin XCBuildConfiguration section */
		5977C5F025D6B0A7006B91AF /* Debug */ = {
			isa = XCBuildConfiguration;
			buildSettings = {
				ALWAYS_SEARCH_USER_PATHS = NO;
				CLANG_ANALYZER_NONNULL = YES;
				CLANG_ANALYZER_NUMBER_OBJECT_CONVERSION = YES_AGGRESSIVE;
				CLANG_CXX_LANGUAGE_STANDARD = "gnu++14";
				CLANG_CXX_LIBRARY = "libc++";
				CLANG_ENABLE_MODULES = YES;
				CLANG_ENABLE_OBJC_ARC = YES;
				CLANG_ENABLE_OBJC_WEAK = YES;
				CLANG_WARN_BLOCK_CAPTURE_AUTORELEASING = YES;
				CLANG_WARN_BOOL_CONVERSION = YES;
				CLANG_WARN_COMMA = YES;
				CLANG_WARN_CONSTANT_CONVERSION = YES;
				CLANG_WARN_DEPRECATED_OBJC_IMPLEMENTATIONS = YES;
				CLANG_WARN_DIRECT_OBJC_ISA_USAGE = YES_ERROR;
				CLANG_WARN_DOCUMENTATION_COMMENTS = YES;
				CLANG_WARN_EMPTY_BODY = YES;
				CLANG_WARN_ENUM_CONVERSION = YES;
				CLANG_WARN_INFINITE_RECURSION = YES;
				CLANG_WARN_INT_CONVERSION = YES;
				CLANG_WARN_NON_LITERAL_NULL_CONVERSION = YES;
				CLANG_WARN_OBJC_IMPLICIT_RETAIN_SELF = YES;
				CLANG_WARN_OBJC_LITERAL_CONVERSION = YES;
				CLANG_WARN_OBJC_ROOT_CLASS = YES_ERROR;
				CLANG_WARN_QUOTED_INCLUDE_IN_FRAMEWORK_HEADER = YES;
				CLANG_WARN_RANGE_LOOP_ANALYSIS = YES;
				CLANG_WARN_STRICT_PROTOTYPES = YES;
				CLANG_WARN_SUSPICIOUS_MOVE = YES;
				CLANG_WARN_UNGUARDED_AVAILABILITY = YES_AGGRESSIVE;
				CLANG_WARN_UNREACHABLE_CODE = YES;
				CLANG_WARN__DUPLICATE_METHOD_MATCH = YES;
				COPY_PHASE_STRIP = NO;
				DEBUG_INFORMATION_FORMAT = dwarf;
				ENABLE_STRICT_OBJC_MSGSEND = YES;
				ENABLE_TESTABILITY = YES;
				GCC_C_LANGUAGE_STANDARD = gnu11;
				GCC_DYNAMIC_NO_PIC = NO;
				GCC_NO_COMMON_BLOCKS = YES;
				GCC_OPTIMIZATION_LEVEL = 0;
				GCC_PREPROCESSOR_DEFINITIONS = (
					"DEBUG=1",
					"$(inherited)",
				);
				GCC_WARN_64_TO_32_BIT_CONVERSION = YES;
				GCC_WARN_ABOUT_RETURN_TYPE = YES_ERROR;
				GCC_WARN_UNDECLARED_SELECTOR = YES;
				GCC_WARN_UNINITIALIZED_AUTOS = YES_AGGRESSIVE;
				GCC_WARN_UNUSED_FUNCTION = YES;
				GCC_WARN_UNUSED_VARIABLE = YES;
				IPHONEOS_DEPLOYMENT_TARGET = 14.4;
				MTL_ENABLE_DEBUG_INFO = INCLUDE_SOURCE;
				MTL_FAST_MATH = YES;
				ONLY_ACTIVE_ARCH = YES;
				SDKROOT = iphoneos;
				SWIFT_ACTIVE_COMPILATION_CONDITIONS = DEBUG;
				SWIFT_OPTIMIZATION_LEVEL = "-Onone";
			};
			name = Debug;
		};
		5977C5F125D6B0A7006B91AF /* Release */ = {
			isa = XCBuildConfiguration;
			buildSettings = {
				ALWAYS_SEARCH_USER_PATHS = NO;
				CLANG_ANALYZER_NONNULL = YES;
				CLANG_ANALYZER_NUMBER_OBJECT_CONVERSION = YES_AGGRESSIVE;
				CLANG_CXX_LANGUAGE_STANDARD = "gnu++14";
				CLANG_CXX_LIBRARY = "libc++";
				CLANG_ENABLE_MODULES = YES;
				CLANG_ENABLE_OBJC_ARC = YES;
				CLANG_ENABLE_OBJC_WEAK = YES;
				CLANG_WARN_BLOCK_CAPTURE_AUTORELEASING = YES;
				CLANG_WARN_BOOL_CONVERSION = YES;
				CLANG_WARN_COMMA = YES;
				CLANG_WARN_CONSTANT_CONVERSION = YES;
				CLANG_WARN_DEPRECATED_OBJC_IMPLEMENTATIONS = YES;
				CLANG_WARN_DIRECT_OBJC_ISA_USAGE = YES_ERROR;
				CLANG_WARN_DOCUMENTATION_COMMENTS = YES;
				CLANG_WARN_EMPTY_BODY = YES;
				CLANG_WARN_ENUM_CONVERSION = YES;
				CLANG_WARN_INFINITE_RECURSION = YES;
				CLANG_WARN_INT_CONVERSION = YES;
				CLANG_WARN_NON_LITERAL_NULL_CONVERSION = YES;
				CLANG_WARN_OBJC_IMPLICIT_RETAIN_SELF = YES;
				CLANG_WARN_OBJC_LITERAL_CONVERSION = YES;
				CLANG_WARN_OBJC_ROOT_CLASS = YES_ERROR;
				CLANG_WARN_QUOTED_INCLUDE_IN_FRAMEWORK_HEADER = YES;
				CLANG_WARN_RANGE_LOOP_ANALYSIS = YES;
				CLANG_WARN_STRICT_PROTOTYPES = YES;
				CLANG_WARN_SUSPICIOUS_MOVE = YES;
				CLANG_WARN_UNGUARDED_AVAILABILITY = YES_AGGRESSIVE;
				CLANG_WARN_UNREACHABLE_CODE = YES;
				CLANG_WARN__DUPLICATE_METHOD_MATCH = YES;
				COPY_PHASE_STRIP = NO;
				DEBUG_INFORMATION_FORMAT = "dwarf-with-dsym";
				ENABLE_NS_ASSERTIONS = NO;
				ENABLE_STRICT_OBJC_MSGSEND = YES;
				GCC_C_LANGUAGE_STANDARD = gnu11;
				GCC_NO_COMMON_BLOCKS = YES;
				GCC_WARN_64_TO_32_BIT_CONVERSION = YES;
				GCC_WARN_ABOUT_RETURN_TYPE = YES_ERROR;
				GCC_WARN_UNDECLARED_SELECTOR = YES;
				GCC_WARN_UNINITIALIZED_AUTOS = YES_AGGRESSIVE;
				GCC_WARN_UNUSED_FUNCTION = YES;
				GCC_WARN_UNUSED_VARIABLE = YES;
				IPHONEOS_DEPLOYMENT_TARGET = 14.4;
				MTL_ENABLE_DEBUG_INFO = NO;
				MTL_FAST_MATH = YES;
				SDKROOT = iphoneos;
				SWIFT_COMPILATION_MODE = wholemodule;
				SWIFT_OPTIMIZATION_LEVEL = "-O";
				VALIDATE_PRODUCT = YES;
			};
			name = Release;
		};
		5977C5F325D6B0A7006B91AF /* Debug */ = {
			isa = XCBuildConfiguration;
			baseConfigurationReference = FE5D20183EDB833891BE5361 /* Pods-Instagram Clone.debug.xcconfig */;
			buildSettings = {
				ASSETCATALOG_COMPILER_APPICON_NAME = AppIcon;
				ASSETCATALOG_COMPILER_GLOBAL_ACCENT_COLOR_NAME = AccentColor;
				CODE_SIGN_STYLE = Automatic;
				INFOPLIST_FILE = "Instagram Clone/Info.plist";
				LD_RUNPATH_SEARCH_PATHS = (
					"$(inherited)",
					"@executable_path/Frameworks",
				);
				PRODUCT_BUNDLE_IDENTIFIER = "Instagram-Clone.co.uk.Instagram-Clone";
				PRODUCT_NAME = "$(TARGET_NAME)";
				SWIFT_VERSION = 5.0;
				TARGETED_DEVICE_FAMILY = "1,2";
			};
			name = Debug;
		};
		5977C5F425D6B0A7006B91AF /* Release */ = {
			isa = XCBuildConfiguration;
			baseConfigurationReference = 604CEED25AE6212EC9902113 /* Pods-Instagram Clone.release.xcconfig */;
			buildSettings = {
				ASSETCATALOG_COMPILER_APPICON_NAME = AppIcon;
				ASSETCATALOG_COMPILER_GLOBAL_ACCENT_COLOR_NAME = AccentColor;
				CODE_SIGN_STYLE = Automatic;
				INFOPLIST_FILE = "Instagram Clone/Info.plist";
				LD_RUNPATH_SEARCH_PATHS = (
					"$(inherited)",
					"@executable_path/Frameworks",
				);
				PRODUCT_BUNDLE_IDENTIFIER = "Instagram-Clone.co.uk.Instagram-Clone";
				PRODUCT_NAME = "$(TARGET_NAME)";
				SWIFT_VERSION = 5.0;
				TARGETED_DEVICE_FAMILY = "1,2";
			};
			name = Release;
		};
/* End XCBuildConfiguration section */

/* Begin XCConfigurationList section */
		5977C5D925D6B0A3006B91AF /* Build configuration list for PBXProject "Instagram Clone" */ = {
			isa = XCConfigurationList;
			buildConfigurations = (
				5977C5F025D6B0A7006B91AF /* Debug */,
				5977C5F125D6B0A7006B91AF /* Release */,
			);
			defaultConfigurationIsVisible = 0;
			defaultConfigurationName = Release;
		};
		5977C5F225D6B0A7006B91AF /* Build configuration list for PBXNativeTarget "Instagram Clone" */ = {
			isa = XCConfigurationList;
			buildConfigurations = (
				5977C5F325D6B0A7006B91AF /* Debug */,
				5977C5F425D6B0A7006B91AF /* Release */,
			);
			defaultConfigurationIsVisible = 0;
			defaultConfigurationName = Release;
		};
/* End XCConfigurationList section */
	};
	rootObject = 5977C5D625D6B0A3006B91AF /* Project object */;
}
